
Microsoft Visual Studio Solution File, Format Version 12.00
# Visual Studio Version 16
VisualStudioVersion = 16.0.31911.196
MinimumVisualStudioVersion = 10.0.40219.1
Project("{FAE04EC0-301F-11D3-BF4B-00C04F79EFBC}") = "messages_test", "messages_test.csproj", "{ACB77001-891C-45C7-979A-14475A71A892}"
EndProject
Global
	GlobalSection(SolutionConfigurationPlatforms) = preSolution
		Debug|Any CPU = Debug|Any CPU
		Release|Any CPU = Release|Any CPU
	EndGlobalSection
	GlobalSection(ProjectConfigurationPlatforms) = postSolution
		{ACB77001-891C-45C7-979A-14475A71A892}.Debug|Any CPU.ActiveCfg = Debug|Any CPU
		{ACB77001-891C-45C7-979A-14475A71A892}.Debug|Any CPU.Build.0 = Debug|Any CPU
		{ACB77001-891C-45C7-979A-14475A71A892}.Release|Any CPU.ActiveCfg = Release|Any CPU
		{ACB77001-891C-45C7-979A-14475A71A892}.Release|Any CPU.Build.0 = Release|Any CPU
	EndGlobalSection
	GlobalSection(SolutionProperties) = preSolution
		HideSolutionNode = FALSE
	EndGlobalSection
	GlobalSection(ExtensibilityGlobals) = postSolution
		SolutionGuid = {2E4A3992-5543-4219-9859-5CDAA872680A}
	EndGlobalSection
EndGlobal
